
Microsoft Visual Studio Solution File, Format Version 12.00
# Visual Studio Version 17
VisualStudioVersion = 17.1.32414.318
MinimumVisualStudioVersion = 10.0.40219.1
Project("{2150E333-8FDC-42A3-9474-1A3956D46DE8}") = "src", "src", "{BCC9D6F0-12A1-408A-811B-6F438FBB6735}"
EndProject
Project("{2150E333-8FDC-42A3-9474-1A3956D46DE8}") = "test", "test", "{CEBFF16E-11A3-4C15-84E7-841B6A7385EB}"
EndProject
Project("{2150E333-8FDC-42A3-9474-1A3956D46DE8}") = "Data", "Data", "{1D3A360F-208C-4400-9643-412533779093}"
EndProject
Project("{2150E333-8FDC-42A3-9474-1A3956D46DE8}") = "Model", "Model", "{5A87BAB4-0E2E-45BE-8EB4-8C6F18114D76}"
EndProject
Project("{2150E333-8FDC-42A3-9474-1A3956D46DE8}") = "Core", "Core", "{E4AE4E29-1ABC-4559-A349-125E7CEE1822}"
EndProject
Project("{2150E333-8FDC-42A3-9474-1A3956D46DE8}") = "Business", "Business", "{3982B9E8-EFED-4810-A523-F88C919FDD7F}"
EndProject
Project("{2150E333-8FDC-42A3-9474-1A3956D46DE8}") = "Api", "Api", "{68BE69E2-DFD5-4B15-B66B-83E4DEC6EBF8}"
EndProject
Project("{FAE04EC0-301F-11D3-BF4B-00C04F79EFBC}") = "OrderApplication.Model", "OrderApplication.Model\OrderApplication.Model.csproj", "{9B3244ED-AC32-4971-83D2-0BBB18C1042E}"
EndProject
Project("{FAE04EC0-301F-11D3-BF4B-00C04F79EFBC}") = "OrderApplication.Data", "OrderApplication.Data\OrderApplication.Data.csproj", "{A6A57354-4EBE-446F-ADF1-ED614DFB03E3}"
EndProject
Project("{FAE04EC0-301F-11D3-BF4B-00C04F79EFBC}") = "OrderApplication.Core", "OrderApplication.Core\OrderApplication.Core.csproj", "{81773B9A-FFDF-4BEB-B9E6-DFDC73A4D6FE}"
EndProject
Project("{FAE04EC0-301F-11D3-BF4B-00C04F79EFBC}") = "OrderApplication.Business", "OrderApplication.Business\OrderApplication.Business.csproj", "{EC003CF5-6535-4AF5-A340-60A3A3CF091D}"
EndProject
Project("{FAE04EC0-301F-11D3-BF4B-00C04F79EFBC}") = "OrderApplication.Api", "OrderApplication.Api\OrderApplication.Api.csproj", "{4F48E4A1-7537-45D2-876C-DF095228C231}"
EndProject
Project("{FAE04EC0-301F-11D3-BF4B-00C04F79EFBC}") = "OrderApplication.Test", "OrderApplication.Test\OrderApplication.Test.csproj", "{F56E3362-0525-4015-A1E8-6131A5E42280}"
EndProject
Global
	GlobalSection(SolutionConfigurationPlatforms) = preSolution
		Debug|Any CPU = Debug|Any CPU
		Release|Any CPU = Release|Any CPU
	EndGlobalSection
	GlobalSection(ProjectConfigurationPlatforms) = postSolution
		{9B3244ED-AC32-4971-83D2-0BBB18C1042E}.Debug|Any CPU.ActiveCfg = Debug|Any CPU
		{9B3244ED-AC32-4971-83D2-0BBB18C1042E}.Debug|Any CPU.Build.0 = Debug|Any CPU
		{9B3244ED-AC32-4971-83D2-0BBB18C1042E}.Release|Any CPU.ActiveCfg = Release|Any CPU
		{9B3244ED-AC32-4971-83D2-0BBB18C1042E}.Release|Any CPU.Build.0 = Release|Any CPU
		{A6A57354-4EBE-446F-ADF1-ED614DFB03E3}.Debug|Any CPU.ActiveCfg = Debug|Any CPU
		{A6A57354-4EBE-446F-ADF1-ED614DFB03E3}.Debug|Any CPU.Build.0 = Debug|Any CPU
		{A6A57354-4EBE-446F-ADF1-ED614DFB03E3}.Release|Any CPU.ActiveCfg = Release|Any CPU
		{A6A57354-4EBE-446F-ADF1-ED614DFB03E3}.Release|Any CPU.Build.0 = Release|Any CPU
		{81773B9A-FFDF-4BEB-B9E6-DFDC73A4D6FE}.Debug|Any CPU.ActiveCfg = Debug|Any CPU
		{81773B9A-FFDF-4BEB-B9E6-DFDC73A4D6FE}.Debug|Any CPU.Build.0 = Debug|Any CPU
		{81773B9A-FFDF-4BEB-B9E6-DFDC73A4D6FE}.Release|Any CPU.ActiveCfg = Release|Any CPU
		{81773B9A-FFDF-4BEB-B9E6-DFDC73A4D6FE}.Release|Any CPU.Build.0 = Release|Any CPU
		{EC003CF5-6535-4AF5-A340-60A3A3CF091D}.Debug|Any CPU.ActiveCfg = Debug|Any CPU
		{EC003CF5-6535-4AF5-A340-60A3A3CF091D}.Debug|Any CPU.Build.0 = Debug|Any CPU
		{EC003CF5-6535-4AF5-A340-60A3A3CF091D}.Release|Any CPU.ActiveCfg = Release|Any CPU
		{EC003CF5-6535-4AF5-A340-60A3A3CF091D}.Release|Any CPU.Build.0 = Release|Any CPU
		{4F48E4A1-7537-45D2-876C-DF095228C231}.Debug|Any CPU.ActiveCfg = Debug|Any CPU
		{4F48E4A1-7537-45D2-876C-DF095228C231}.Debug|Any CPU.Build.0 = Debug|Any CPU
		{4F48E4A1-7537-45D2-876C-DF095228C231}.Release|Any CPU.ActiveCfg = Release|Any CPU
		{4F48E4A1-7537-45D2-876C-DF095228C231}.Release|Any CPU.Build.0 = Release|Any CPU
		{F56E3362-0525-4015-A1E8-6131A5E42280}.Debug|Any CPU.ActiveCfg = Debug|Any CPU
		{F56E3362-0525-4015-A1E8-6131A5E42280}.Debug|Any CPU.Build.0 = Debug|Any CPU
		{F56E3362-0525-4015-A1E8-6131A5E42280}.Release|Any CPU.ActiveCfg = Release|Any CPU
		{F56E3362-0525-4015-A1E8-6131A5E42280}.Release|Any CPU.Build.0 = Release|Any CPU
	EndGlobalSection
	GlobalSection(SolutionProperties) = preSolution
		HideSolutionNode = FALSE
	EndGlobalSection
	GlobalSection(NestedProjects) = preSolution
		{1D3A360F-208C-4400-9643-412533779093} = {BCC9D6F0-12A1-408A-811B-6F438FBB6735}
		{5A87BAB4-0E2E-45BE-8EB4-8C6F18114D76} = {BCC9D6F0-12A1-408A-811B-6F438FBB6735}
		{E4AE4E29-1ABC-4559-A349-125E7CEE1822} = {BCC9D6F0-12A1-408A-811B-6F438FBB6735}
		{3982B9E8-EFED-4810-A523-F88C919FDD7F} = {BCC9D6F0-12A1-408A-811B-6F438FBB6735}
		{68BE69E2-DFD5-4B15-B66B-83E4DEC6EBF8} = {BCC9D6F0-12A1-408A-811B-6F438FBB6735}
		{9B3244ED-AC32-4971-83D2-0BBB18C1042E} = {5A87BAB4-0E2E-45BE-8EB4-8C6F18114D76}
		{A6A57354-4EBE-446F-ADF1-ED614DFB03E3} = {1D3A360F-208C-4400-9643-412533779093}
		{81773B9A-FFDF-4BEB-B9E6-DFDC73A4D6FE} = {E4AE4E29-1ABC-4559-A349-125E7CEE1822}
		{EC003CF5-6535-4AF5-A340-60A3A3CF091D} = {3982B9E8-EFED-4810-A523-F88C919FDD7F}
		{4F48E4A1-7537-45D2-876C-DF095228C231} = {68BE69E2-DFD5-4B15-B66B-83E4DEC6EBF8}
		{F56E3362-0525-4015-A1E8-6131A5E42280} = {CEBFF16E-11A3-4C15-84E7-841B6A7385EB}
	EndGlobalSection
	GlobalSection(ExtensibilityGlobals) = postSolution
		SolutionGuid = {8462E292-558E-4F56-9DFF-54F2EA62DF41}
	EndGlobalSection
EndGlobal
