
Microsoft Visual Studio Solution File, Format Version 12.00
# Visual Studio Version 17
VisualStudioVersion = 17.1.32414.318
MinimumVisualStudioVersion = 10.0.40219.1
Project("{2150E333-8FDC-42A3-9474-1A3956D46DE8}") = "src", "src", "{BCC9D6F0-12A1-408A-811B-6F438FBB6735}"
EndProject
Project("{2150E333-8FDC-42A3-9474-1A3956D46DE8}") = "test", "test", "{CEBFF16E-11A3-4C15-84E7-841B6A7385EB}"
EndProject
Project("{2150E333-8FDC-42A3-9474-1A3956D46DE8}") = "Data", "Data", "{1D3A360F-208C-4400-9643-412533779093}"
EndProject
Project("{2150E333-8FDC-42A3-9474-1A3956D46DE8}") = "Model", "Model", "{5A87BAB4-0E2E-45BE-8EB4-8C6F18114D76}"
EndProject
Project("{2150E333-8FDC-42A3-9474-1A3956D46DE8}") = "Core", "Core", "{E4AE4E29-1ABC-4559-A349-125E7CEE1822}"
EndProject
Project("{2150E333-8FDC-42A3-9474-1A3956D46DE8}") = "Business", "Business", "{3982B9E8-EFED-4810-A523-F88C919FDD7F}"
EndProject
Project("{2150E333-8FDC-42A3-9474-1A3956D46DE8}") = "Api", "Api", "{68BE69E2-DFD5-4B15-B66B-83E4DEC6EBF8}"
EndProject
Global
	GlobalSection(SolutionProperties) = preSolution
		HideSolutionNode = FALSE
	EndGlobalSection
	GlobalSection(NestedProjects) = preSolution
		{1D3A360F-208C-4400-9643-412533779093} = {BCC9D6F0-12A1-408A-811B-6F438FBB6735}
		{5A87BAB4-0E2E-45BE-8EB4-8C6F18114D76} = {BCC9D6F0-12A1-408A-811B-6F438FBB6735}
		{E4AE4E29-1ABC-4559-A349-125E7CEE1822} = {BCC9D6F0-12A1-408A-811B-6F438FBB6735}
		{3982B9E8-EFED-4810-A523-F88C919FDD7F} = {BCC9D6F0-12A1-408A-811B-6F438FBB6735}
		{68BE69E2-DFD5-4B15-B66B-83E4DEC6EBF8} = {BCC9D6F0-12A1-408A-811B-6F438FBB6735}
	EndGlobalSection
	GlobalSection(ExtensibilityGlobals) = postSolution
		SolutionGuid = {8462E292-558E-4F56-9DFF-54F2EA62DF41}
	EndGlobalSection
EndGlobal
